
Microsoft Visual Studio Solution File, Format Version 12.00
# Visual Studio Version 17
VisualStudioVersion = 17.8.34316.72
MinimumVisualStudioVersion = 10.0.40219.1
Project("{9A19103F-16F7-4668-BE54-9A1E7A4F7556}") = "WeatherForecaster.Persistance", "WeatherForecaster.Persistance\WeatherForecaster.Persistance.csproj", "{9155D631-4810-45AB-A92F-6F7168FEADB0}"
EndProject
Project("{9A19103F-16F7-4668-BE54-9A1E7A4F7556}") = "WeatherForecaster.Domain", "WeatherForecaster.Domain\WeatherForecaster.Domain.csproj", "{AEA21C14-3CC1-4322-934C-0382BB084D76}"
EndProject
Project("{9A19103F-16F7-4668-BE54-9A1E7A4F7556}") = "WeatherForecaster.ConsoleUI", "WeatherForecaster.ConsoleUI\WeatherForecaster.ConsoleUI.csproj", "{105C259B-D43E-429C-93E0-B04F7E6E625D}"
EndProject
Project("{9A19103F-16F7-4668-BE54-9A1E7A4F7556}") = "WeatherForecaster.Infrastructure", "WeatherForecaster.Infrastructure\WeatherForecaster.Infrastructure.csproj", "{FEDD26F6-7BC5-44DB-B94F-731C4CD2FD4F}"
EndProject
Project("{FAE04EC0-301F-11D3-BF4B-00C04F79EFBC}") = "WeatherForecaster.Tests", "WeatherForecaster.IntegrationTests\WeatherForecaster.Tests.csproj", "{53A7C654-BE24-48D9-A3CE-12F0B0F03866}"
EndProject
Global
	GlobalSection(SolutionConfigurationPlatforms) = preSolution
		Debug|Any CPU = Debug|Any CPU
		Release|Any CPU = Release|Any CPU
	EndGlobalSection
	GlobalSection(ProjectConfigurationPlatforms) = postSolution
		{9155D631-4810-45AB-A92F-6F7168FEADB0}.Debug|Any CPU.ActiveCfg = Debug|Any CPU
		{9155D631-4810-45AB-A92F-6F7168FEADB0}.Debug|Any CPU.Build.0 = Debug|Any CPU
		{9155D631-4810-45AB-A92F-6F7168FEADB0}.Release|Any CPU.ActiveCfg = Release|Any CPU
		{9155D631-4810-45AB-A92F-6F7168FEADB0}.Release|Any CPU.Build.0 = Release|Any CPU
		{AEA21C14-3CC1-4322-934C-0382BB084D76}.Debug|Any CPU.ActiveCfg = Debug|Any CPU
		{AEA21C14-3CC1-4322-934C-0382BB084D76}.Debug|Any CPU.Build.0 = Debug|Any CPU
		{AEA21C14-3CC1-4322-934C-0382BB084D76}.Release|Any CPU.ActiveCfg = Release|Any CPU
		{AEA21C14-3CC1-4322-934C-0382BB084D76}.Release|Any CPU.Build.0 = Release|Any CPU
		{105C259B-D43E-429C-93E0-B04F7E6E625D}.Debug|Any CPU.ActiveCfg = Debug|Any CPU
		{105C259B-D43E-429C-93E0-B04F7E6E625D}.Debug|Any CPU.Build.0 = Debug|Any CPU
		{105C259B-D43E-429C-93E0-B04F7E6E625D}.Release|Any CPU.ActiveCfg = Release|Any CPU
		{105C259B-D43E-429C-93E0-B04F7E6E625D}.Release|Any CPU.Build.0 = Release|Any CPU
		{FEDD26F6-7BC5-44DB-B94F-731C4CD2FD4F}.Debug|Any CPU.ActiveCfg = Debug|Any CPU
		{FEDD26F6-7BC5-44DB-B94F-731C4CD2FD4F}.Debug|Any CPU.Build.0 = Debug|Any CPU
		{FEDD26F6-7BC5-44DB-B94F-731C4CD2FD4F}.Release|Any CPU.ActiveCfg = Release|Any CPU
		{FEDD26F6-7BC5-44DB-B94F-731C4CD2FD4F}.Release|Any CPU.Build.0 = Release|Any CPU
		{53A7C654-BE24-48D9-A3CE-12F0B0F03866}.Debug|Any CPU.ActiveCfg = Debug|Any CPU
		{53A7C654-BE24-48D9-A3CE-12F0B0F03866}.Debug|Any CPU.Build.0 = Debug|Any CPU
		{53A7C654-BE24-48D9-A3CE-12F0B0F03866}.Release|Any CPU.ActiveCfg = Release|Any CPU
		{53A7C654-BE24-48D9-A3CE-12F0B0F03866}.Release|Any CPU.Build.0 = Release|Any CPU
	EndGlobalSection
	GlobalSection(SolutionProperties) = preSolution
		HideSolutionNode = FALSE
	EndGlobalSection
	GlobalSection(ExtensibilityGlobals) = postSolution
		SolutionGuid = {255B6177-DAE9-4979-A7D0-C103C9CFC1F2}
	EndGlobalSection
EndGlobal
